
Microsoft Visual Studio Solution File, Format Version 12.00
# Visual Studio Version 16
VisualStudioVersion = 16.0.29306.81
MinimumVisualStudioVersion = 10.0.40219.1
Project("{8BC9CEB8-8B4A-11D0-8D11-00A0C91BC942}") = "PongRefactored", "PongRefactored.vcxproj", "{62024B57-056F-416E-AA6A-AF0FAE645992}"
EndProject
Project("{8BC9CEB8-8B4A-11D0-8D11-00A0C91BC942}") = "UnitTest1", "..\UnitTest1\UnitTest1.vcxproj", "{FB47000A-779E-4EC8-9A56-4CF7C390F7BA}"
EndProject
Global
	GlobalSection(SolutionConfigurationPlatforms) = preSolution
		Debug|x64 = Debug|x64
		Debug|x86 = Debug|x86
		Release|x64 = Release|x64
		Release|x86 = Release|x86
	EndGlobalSection
	GlobalSection(ProjectConfigurationPlatforms) = postSolution
		{62024B57-056F-416E-AA6A-AF0FAE645992}.Debug|x64.ActiveCfg = Debug|x64
		{62024B57-056F-416E-AA6A-AF0FAE645992}.Debug|x64.Build.0 = Debug|x64
		{62024B57-056F-416E-AA6A-AF0FAE645992}.Debug|x86.ActiveCfg = Debug|Win32
		{62024B57-056F-416E-AA6A-AF0FAE645992}.Debug|x86.Build.0 = Debug|Win32
		{62024B57-056F-416E-AA6A-AF0FAE645992}.Release|x64.ActiveCfg = Release|x64
		{62024B57-056F-416E-AA6A-AF0FAE645992}.Release|x64.Build.0 = Release|x64
		{62024B57-056F-416E-AA6A-AF0FAE645992}.Release|x86.ActiveCfg = Release|Win32
		{62024B57-056F-416E-AA6A-AF0FAE645992}.Release|x86.Build.0 = Release|Win32
		{FB47000A-779E-4EC8-9A56-4CF7C390F7BA}.Debug|x64.ActiveCfg = Debug|x64
		{FB47000A-779E-4EC8-9A56-4CF7C390F7BA}.Debug|x64.Build.0 = Debug|x64
		{FB47000A-779E-4EC8-9A56-4CF7C390F7BA}.Debug|x86.ActiveCfg = Debug|Win32
		{FB47000A-779E-4EC8-9A56-4CF7C390F7BA}.Debug|x86.Build.0 = Debug|Win32
		{FB47000A-779E-4EC8-9A56-4CF7C390F7BA}.Release|x64.ActiveCfg = Release|x64
		{FB47000A-779E-4EC8-9A56-4CF7C390F7BA}.Release|x64.Build.0 = Release|x64
		{FB47000A-779E-4EC8-9A56-4CF7C390F7BA}.Release|x86.ActiveCfg = Release|Win32
		{FB47000A-779E-4EC8-9A56-4CF7C390F7BA}.Release|x86.Build.0 = Release|Win32
	EndGlobalSection
	GlobalSection(SolutionProperties) = preSolution
		HideSolutionNode = FALSE
	EndGlobalSection
	GlobalSection(ExtensibilityGlobals) = postSolution
		SolutionGuid = {CC618A59-D843-466C-895C-D115A8924D3A}
	EndGlobalSection
EndGlobal
